{
  "nodes": {
    "fenix": {
      "inputs": {
        "nixpkgs": [
          "nixpkgs"
        ],
        "rust-analyzer-src": "rust-analyzer-src"
      },
      "locked": {
        "lastModified": 1738391509,
        "narHash": "sha256-TC3xA++KgprECm/WPsLUd+a77MObZPElCW6eAsjVW1k=",
        "rev": "de3ea31eb651b663449361f77d9c1e8835290470",
        "revCount": 2156,
        "type": "tarball",
        "url": "https://api.flakehub.com/f/pinned/nix-community/fenix/0.1.2156%2Brev-de3ea31eb651b663449361f77d9c1e8835290470/0194c095-0041-7b9c-b19e-cf1c4a2adaad/source.tar.gz"
      },
      "original": {
        "type": "tarball",
        "url": "https://flakehub.com/f/nix-community/fenix/0.1.1584.tar.gz"
      }
    },
    "naersk": {
      "inputs": {
        "nixpkgs": [
          "nixpkgs"
        ]
      },
      "locked": {
        "lastModified": 1736429655,
        "narHash": "sha256-BwMekRuVlSB9C0QgwKMICiJ5EVbLGjfe4qyueyNQyGI=",
        "owner": "nix-community",
        "repo": "naersk",
        "rev": "0621e47bd95542b8e1ce2ee2d65d6a1f887a13ce",
        "type": "github"
      },
      "original": {
        "owner": "nix-community",
        "repo": "naersk",
        "type": "github"
      }
    },
    "nixpkgs": {
      "locked": {
        "lastModified": 1738546358,
        "narHash": "sha256-nLivjIygCiqLp5QcL7l56Tca/elVqM9FG1hGd9ZSsrg=",
        "rev": "c6e957d81b96751a3d5967a0fd73694f303cc914",
        "revCount": 747070,
        "type": "tarball",
        "url": "https://api.flakehub.com/f/pinned/NixOS/nixpkgs/0.1.747070%2Brev-c6e957d81b96751a3d5967a0fd73694f303cc914/0194cfda-968b-7c4f-95c5-bd4a42478770/source.tar.gz"
      },
      "original": {
        "type": "tarball",
        "url": "https://flakehub.com/f/NixOS/nixpkgs/0.1.590113.tar.gz"
      }
    },
    "root": {
      "inputs": {
        "fenix": "fenix",
        "naersk": "naersk",
        "nixpkgs": "nixpkgs"
      }
    },
    "rust-analyzer-src": {
      "flake": false,
      "locked": {
        "lastModified": 1738224931,
        "narHash": "sha256-1zhfA5NBqin0Z79Se85juvqQteq7uClJMEb7l2pdDUY=",
        "owner": "rust-lang",
        "repo": "rust-analyzer",
        "rev": "3c2aca1e5e9fbabb4e05fc4baa62e807aadc476a",
        "type": "github"
      },
      "original": {
        "owner": "rust-lang",
        "ref": "nightly",
        "repo": "rust-analyzer",
        "type": "github"
      }
    }
  },
  "root": "root",
  "version": 7
}
