{
  "nodes": {
    "fenix": {
      "inputs": {
        "nixpkgs": [
          "nixpkgs"
        ],
        "rust-analyzer-src": "rust-analyzer-src"
      },
      "locked": {
        "lastModified": 1777624102,
        "narHash": "sha256-thSyElkje577x/kAbP72nHlfiFc1a+tCudskLPHXe9s=",
        "rev": "4d81601e0b73f20d81d066754ad0e7d1e7f75a06",
        "revCount": 2646,
        "type": "tarball",
        "url": "https://api.flakehub.com/f/pinned/nix-community/fenix/0.1.2646%2Brev-4d81601e0b73f20d81d066754ad0e7d1e7f75a06/019de2eb-4157-78e2-99a4-47e0ab7416f5/source.tar.gz"
      },
      "original": {
        "type": "tarball",
        "url": "https://flakehub.com/f/nix-community/fenix/0"
      }
    },
    "naersk": {
      "inputs": {
        "nixpkgs": [
          "nixpkgs"
        ]
      },
      "locked": {
        "lastModified": 1736429655,
        "narHash": "sha256-BwMekRuVlSB9C0QgwKMICiJ5EVbLGjfe4qyueyNQyGI=",
        "owner": "nix-community",
        "repo": "naersk",
        "rev": "0621e47bd95542b8e1ce2ee2d65d6a1f887a13ce",
        "type": "github"
      },
      "original": {
        "owner": "nix-community",
        "repo": "naersk",
        "type": "github"
      }
    },
    "nixpkgs": {
      "locked": {
        "lastModified": 1778003029,
        "narHash": "sha256-q/nkKLDtHIyLjZpKhWk3cSK5IYsFqtMd6UtXF3ddjgA=",
        "rev": "0c88e1f2bdb93d5999019e99cb0e61e1fe2af4c5",
        "revCount": 912297,
        "type": "tarball",
        "url": "https://api.flakehub.com/f/pinned/NixOS/nixpkgs/0.2511.912297%2Brev-0c88e1f2bdb93d5999019e99cb0e61e1fe2af4c5/019dfbf4-87c2-7d91-9a98-ccf8f9b548eb/source.tar.gz"
      },
      "original": {
        "type": "tarball",
        "url": "https://flakehub.com/f/NixOS/nixpkgs/0"
      }
    },
    "root": {
      "inputs": {
        "fenix": "fenix",
        "naersk": "naersk",
        "nixpkgs": "nixpkgs"
      }
    },
    "rust-analyzer-src": {
      "flake": false,
      "locked": {
        "lastModified": 1777583169,
        "narHash": "sha256-dVJ4+wrRKc8oIgp3rLOFSq1obt/sCKlXy3h47qof/w0=",
        "owner": "rust-lang",
        "repo": "rust-analyzer",
        "rev": "aa64e4828a2bbba44463c1229a81c748d3cce583",
        "type": "github"
      },
      "original": {
        "owner": "rust-lang",
        "ref": "nightly",
        "repo": "rust-analyzer",
        "type": "github"
      }
    }
  },
  "root": "root",
  "version": 7
}
